
Microsoft Visual Studio Solution File, Format Version 12.00
# Visual Studio Version 17
VisualStudioVersion = 17.6.33815.320
MinimumVisualStudioVersion = 10.0.40219.1
Project("{FAE04EC0-301F-11D3-BF4B-00C04F79EFBC}") = "bubblesort", "bubblesort.csproj", "{38DDC691-5B0D-4841-8187-D1AF85C443E3}"
EndProject
Global
	GlobalSection(SolutionConfigurationPlatforms) = preSolution
		Debug|Any CPU = Debug|Any CPU
		Release|Any CPU = Release|Any CPU
	EndGlobalSection
	GlobalSection(ProjectConfigurationPlatforms) = postSolution
		{38DDC691-5B0D-4841-8187-D1AF85C443E3}.Debug|Any CPU.ActiveCfg = Debug|Any CPU
		{38DDC691-5B0D-4841-8187-D1AF85C443E3}.Debug|Any CPU.Build.0 = Debug|Any CPU
		{38DDC691-5B0D-4841-8187-D1AF85C443E3}.Release|Any CPU.ActiveCfg = Release|Any CPU
		{38DDC691-5B0D-4841-8187-D1AF85C443E3}.Release|Any CPU.Build.0 = Release|Any CPU
	EndGlobalSection
	GlobalSection(SolutionProperties) = preSolution
		HideSolutionNode = FALSE
	EndGlobalSection
	GlobalSection(ExtensibilityGlobals) = postSolution
		SolutionGuid = {8E6C68F5-FFEF-403C-AA5D-A8711524C933}
	EndGlobalSection
EndGlobal
